
Microsoft Visual Studio Solution File, Format Version 12.00
# Visual Studio Version 17
VisualStudioVersion = 17.10.35013.160
MinimumVisualStudioVersion = 10.0.40219.1
Project("{FAE04EC0-301F-11D3-BF4B-00C04F79EFBC}") = "Core", "Core\Core.csproj", "{CFE6A59F-132B-4C7C-A918-A1813BEB0FF7}"
EndProject
Project("{FAE04EC0-301F-11D3-BF4B-00C04F79EFBC}") = "Data", "Data\Data.csproj", "{38297FD0-5CE8-4DB8-84F2-6CC9096B79B2}"
EndProject
Project("{FAE04EC0-301F-11D3-BF4B-00C04F79EFBC}") = "Application", "Application\Application.csproj", "{7C709D04-5BFC-4670-B354-EAAC4834ED3B}"
EndProject
Project("{FAE04EC0-301F-11D3-BF4B-00C04F79EFBC}") = "Presentation", "Presentation\Presentation.csproj", "{77F70867-2F8D-46EA-B326-9F88587BD805}"
EndProject
Global
	GlobalSection(SolutionConfigurationPlatforms) = preSolution
		Debug|Any CPU = Debug|Any CPU
		Release|Any CPU = Release|Any CPU
	EndGlobalSection
	GlobalSection(ProjectConfigurationPlatforms) = postSolution
		{CFE6A59F-132B-4C7C-A918-A1813BEB0FF7}.Debug|Any CPU.ActiveCfg = Debug|Any CPU
		{CFE6A59F-132B-4C7C-A918-A1813BEB0FF7}.Debug|Any CPU.Build.0 = Debug|Any CPU
		{CFE6A59F-132B-4C7C-A918-A1813BEB0FF7}.Release|Any CPU.ActiveCfg = Release|Any CPU
		{CFE6A59F-132B-4C7C-A918-A1813BEB0FF7}.Release|Any CPU.Build.0 = Release|Any CPU
		{38297FD0-5CE8-4DB8-84F2-6CC9096B79B2}.Debug|Any CPU.ActiveCfg = Debug|Any CPU
		{38297FD0-5CE8-4DB8-84F2-6CC9096B79B2}.Debug|Any CPU.Build.0 = Debug|Any CPU
		{38297FD0-5CE8-4DB8-84F2-6CC9096B79B2}.Release|Any CPU.ActiveCfg = Release|Any CPU
		{38297FD0-5CE8-4DB8-84F2-6CC9096B79B2}.Release|Any CPU.Build.0 = Release|Any CPU
		{7C709D04-5BFC-4670-B354-EAAC4834ED3B}.Debug|Any CPU.ActiveCfg = Debug|Any CPU
		{7C709D04-5BFC-4670-B354-EAAC4834ED3B}.Debug|Any CPU.Build.0 = Debug|Any CPU
		{7C709D04-5BFC-4670-B354-EAAC4834ED3B}.Release|Any CPU.ActiveCfg = Release|Any CPU
		{7C709D04-5BFC-4670-B354-EAAC4834ED3B}.Release|Any CPU.Build.0 = Release|Any CPU
		{77F70867-2F8D-46EA-B326-9F88587BD805}.Debug|Any CPU.ActiveCfg = Debug|Any CPU
		{77F70867-2F8D-46EA-B326-9F88587BD805}.Debug|Any CPU.Build.0 = Debug|Any CPU
		{77F70867-2F8D-46EA-B326-9F88587BD805}.Release|Any CPU.ActiveCfg = Release|Any CPU
		{77F70867-2F8D-46EA-B326-9F88587BD805}.Release|Any CPU.Build.0 = Release|Any CPU
	EndGlobalSection
	GlobalSection(SolutionProperties) = preSolution
		HideSolutionNode = FALSE
	EndGlobalSection
	GlobalSection(ExtensibilityGlobals) = postSolution
		SolutionGuid = {282AFA2F-AFAE-445F-B050-54D9C4618480}
	EndGlobalSection
EndGlobal
